
Microsoft Visual Studio Solution File, Format Version 12.00
# Visual Studio Version 16
VisualStudioVersion = 16.0.33214.272
MinimumVisualStudioVersion = 10.0.40219.1
Project("{9A19103F-16F7-4668-BE54-9A1E7A4F7556}") = "BookstoreProject", "BookstoreProject.csproj", "{4AF67870-F2EB-4EDA-B880-AEFD7F313A97}"
EndProject
Global
	GlobalSection(SolutionConfigurationPlatforms) = preSolution
		Debug|Any CPU = Debug|Any CPU
		Release|Any CPU = Release|Any CPU
	EndGlobalSection
	GlobalSection(ProjectConfigurationPlatforms) = postSolution
		{4AF67870-F2EB-4EDA-B880-AEFD7F313A97}.Debug|Any CPU.ActiveCfg = Debug|Any CPU
		{4AF67870-F2EB-4EDA-B880-AEFD7F313A97}.Debug|Any CPU.Build.0 = Debug|Any CPU
		{4AF67870-F2EB-4EDA-B880-AEFD7F313A97}.Release|Any CPU.ActiveCfg = Release|Any CPU
		{4AF67870-F2EB-4EDA-B880-AEFD7F313A97}.Release|Any CPU.Build.0 = Release|Any CPU
	EndGlobalSection
	GlobalSection(SolutionProperties) = preSolution
		HideSolutionNode = FALSE
	EndGlobalSection
	GlobalSection(ExtensibilityGlobals) = postSolution
		SolutionGuid = {622F656C-87B7-4C6D-8EBF-C72836A4A27A}
	EndGlobalSection
EndGlobal
